
Microsoft Visual Studio Solution File, Format Version 12.00
# Visual Studio Version 16
VisualStudioVersion = 16.0.30225.117
MinimumVisualStudioVersion = 10.0.40219.1
Project("{FAE04EC0-301F-11D3-BF4B-00C04F79EFBC}") = "PipelineTest", "PipelineTest\PipelineTest.csproj", "{00D7665A-6335-41FC-B969-D69E5BF505BF}"
EndProject
Global
	GlobalSection(SolutionConfigurationPlatforms) = preSolution
		Debug|Any CPU = Debug|Any CPU
		Release|Any CPU = Release|Any CPU
	EndGlobalSection
	GlobalSection(ProjectConfigurationPlatforms) = postSolution
		{00D7665A-6335-41FC-B969-D69E5BF505BF}.Debug|Any CPU.ActiveCfg = Debug|Any CPU
		{00D7665A-6335-41FC-B969-D69E5BF505BF}.Debug|Any CPU.Build.0 = Debug|Any CPU
		{00D7665A-6335-41FC-B969-D69E5BF505BF}.Release|Any CPU.ActiveCfg = Release|Any CPU
		{00D7665A-6335-41FC-B969-D69E5BF505BF}.Release|Any CPU.Build.0 = Release|Any CPU
	EndGlobalSection
	GlobalSection(SolutionProperties) = preSolution
		HideSolutionNode = FALSE
	EndGlobalSection
	GlobalSection(ExtensibilityGlobals) = postSolution
		SolutionGuid = {8D7662A3-4D73-41A6-9DEC-902BA3A1EA7A}
	EndGlobalSection
EndGlobal
